
Microsoft Visual Studio Solution File, Format Version 12.00
# Visual Studio Version 17
VisualStudioVersion = 17.2.32616.157
MinimumVisualStudioVersion = 10.0.40219.1
Project("{FAE04EC0-301F-11D3-BF4B-00C04F79EFBC}") = "Lab1", "Lab1\Lab1.csproj", "{DA4621BB-714F-4604-B61F-4B6795641931}"
EndProject
Global
	GlobalSection(SolutionConfigurationPlatforms) = preSolution
		Debug|Any CPU = Debug|Any CPU
		Release|Any CPU = Release|Any CPU
	EndGlobalSection
	GlobalSection(ProjectConfigurationPlatforms) = postSolution
		{DA4621BB-714F-4604-B61F-4B6795641931}.Debug|Any CPU.ActiveCfg = Debug|Any CPU
		{DA4621BB-714F-4604-B61F-4B6795641931}.Debug|Any CPU.Build.0 = Debug|Any CPU
		{DA4621BB-714F-4604-B61F-4B6795641931}.Release|Any CPU.ActiveCfg = Release|Any CPU
		{DA4621BB-714F-4604-B61F-4B6795641931}.Release|Any CPU.Build.0 = Release|Any CPU
	EndGlobalSection
	GlobalSection(SolutionProperties) = preSolution
		HideSolutionNode = FALSE
	EndGlobalSection
	GlobalSection(ExtensibilityGlobals) = postSolution
		SolutionGuid = {13C0C0B7-CAF3-44FA-A36A-A7DAF058580C}
	EndGlobalSection
EndGlobal
